
Microsoft Visual Studio Solution File, Format Version 12.00
# Visual Studio Version 16
VisualStudioVersion = 16.0.31112.23
MinimumVisualStudioVersion = 10.0.40219.1
Project("{F184B08F-C81C-45F6-A57F-5ABD9991F28F}") = "ITI Hub Regional Sales", "ITI Hub Regional Sales\ITI Hub Regional Sales.vbproj", "{6DFE1501-5152-47B1-841B-C8C38F23248F}"
EndProject
Global
	GlobalSection(SolutionConfigurationPlatforms) = preSolution
		Debug|Any CPU = Debug|Any CPU
		Release|Any CPU = Release|Any CPU
	EndGlobalSection
	GlobalSection(ProjectConfigurationPlatforms) = postSolution
		{6DFE1501-5152-47B1-841B-C8C38F23248F}.Debug|Any CPU.ActiveCfg = Debug|Any CPU
		{6DFE1501-5152-47B1-841B-C8C38F23248F}.Debug|Any CPU.Build.0 = Debug|Any CPU
		{6DFE1501-5152-47B1-841B-C8C38F23248F}.Release|Any CPU.ActiveCfg = Release|Any CPU
		{6DFE1501-5152-47B1-841B-C8C38F23248F}.Release|Any CPU.Build.0 = Release|Any CPU
	EndGlobalSection
	GlobalSection(SolutionProperties) = preSolution
		HideSolutionNode = FALSE
	EndGlobalSection
	GlobalSection(ExtensibilityGlobals) = postSolution
		SolutionGuid = {A0A475EB-C261-4FE5-BEEC-BDF7489C796B}
	EndGlobalSection
EndGlobal
